
Microsoft Visual Studio Solution File, Format Version 12.00
# Visual Studio Version 17
VisualStudioVersion = 17.2.32516.85
MinimumVisualStudioVersion = 10.0.40219.1
Project("{FAE04EC0-301F-11D3-BF4B-00C04F79EFBC}") = "CSE3200_Offline_190104079", "CSE3200_Offline_190104079\CSE3200_Offline_190104079.csproj", "{1A8C5D5A-C475-407E-AEB1-FCB0FA4ADAF9}"
EndProject
Global
	GlobalSection(SolutionConfigurationPlatforms) = preSolution
		Debug|Any CPU = Debug|Any CPU
		Release|Any CPU = Release|Any CPU
	EndGlobalSection
	GlobalSection(ProjectConfigurationPlatforms) = postSolution
		{1A8C5D5A-C475-407E-AEB1-FCB0FA4ADAF9}.Debug|Any CPU.ActiveCfg = Debug|Any CPU
		{1A8C5D5A-C475-407E-AEB1-FCB0FA4ADAF9}.Debug|Any CPU.Build.0 = Debug|Any CPU
		{1A8C5D5A-C475-407E-AEB1-FCB0FA4ADAF9}.Release|Any CPU.ActiveCfg = Release|Any CPU
		{1A8C5D5A-C475-407E-AEB1-FCB0FA4ADAF9}.Release|Any CPU.Build.0 = Release|Any CPU
	EndGlobalSection
	GlobalSection(SolutionProperties) = preSolution
		HideSolutionNode = FALSE
	EndGlobalSection
	GlobalSection(ExtensibilityGlobals) = postSolution
		SolutionGuid = {BD06BE8C-1D78-4EAA-9E94-8EF695B334F4}
	EndGlobalSection
EndGlobal
